
Microsoft Visual Studio Solution File, Format Version 12.00
# Visual Studio Version 16
VisualStudioVersion = 16.0.31005.135
MinimumVisualStudioVersion = 10.0.40219.1
Project("{FAE04EC0-301F-11D3-BF4B-00C04F79EFBC}") = "ElectronicsANC", "ElectronicsANC\ElectronicsANC.csproj", "{D3204509-9057-4213-B9E8-059B301022C3}"
EndProject
Project("{FAE04EC0-301F-11D3-BF4B-00C04F79EFBC}") = "ElectronicsANC.Tests", "ElectronicsANC.Tests\ElectronicsANC.Tests.csproj", "{AF518177-D33B-4CCC-8B08-8CF661683A15}"
EndProject
Global
	GlobalSection(SolutionConfigurationPlatforms) = preSolution
		Debug|Any CPU = Debug|Any CPU
		Release|Any CPU = Release|Any CPU
	EndGlobalSection
	GlobalSection(ProjectConfigurationPlatforms) = postSolution
		{D3204509-9057-4213-B9E8-059B301022C3}.Debug|Any CPU.ActiveCfg = Debug|Any CPU
		{D3204509-9057-4213-B9E8-059B301022C3}.Debug|Any CPU.Build.0 = Debug|Any CPU
		{D3204509-9057-4213-B9E8-059B301022C3}.Release|Any CPU.ActiveCfg = Release|Any CPU
		{D3204509-9057-4213-B9E8-059B301022C3}.Release|Any CPU.Build.0 = Release|Any CPU
		{AF518177-D33B-4CCC-8B08-8CF661683A15}.Debug|Any CPU.ActiveCfg = Debug|Any CPU
		{AF518177-D33B-4CCC-8B08-8CF661683A15}.Debug|Any CPU.Build.0 = Debug|Any CPU
		{AF518177-D33B-4CCC-8B08-8CF661683A15}.Release|Any CPU.ActiveCfg = Release|Any CPU
		{AF518177-D33B-4CCC-8B08-8CF661683A15}.Release|Any CPU.Build.0 = Release|Any CPU
	EndGlobalSection
	GlobalSection(SolutionProperties) = preSolution
		HideSolutionNode = FALSE
	EndGlobalSection
	GlobalSection(ExtensibilityGlobals) = postSolution
		SolutionGuid = {329DF5D9-02CA-4747-B883-2008519124F6}
	EndGlobalSection
EndGlobal
